// !$*UTF8*$!
{
	archiveVersion = 1;
	classes = {
	};
	objectVersion = 46;
	objects = {

/* Begin PBXBuildFile section */
		7B2C4F311D92761F001F0D30 /* AcupointModel.m in Sources */ = {isa = PBXBuildFile; fileRef = 7B2C4F301D92761F001F0D30 /* AcupointModel.m */; };
		7B2C4F381D92941A001F0D30 /* AcupointViewController.m in Sources */ = {isa = PBXBuildFile; fileRef = 7B2C4F361D92941A001F0D30 /* AcupointViewController.m */; };
		7B2C4F391D92941A001F0D30 /* AcupointViewController.xib in Resources */ = {isa = PBXBuildFile; fileRef = 7B2C4F371D92941A001F0D30 /* AcupointViewController.xib */; };
		7B3C1A961D5EB26F008E784B /* HLTableViewCell.m in Sources */ = {isa = PBXBuildFile; fileRef = 7B3C1A951D5EB26F008E784B /* HLTableViewCell.m */; };
		7B4D7E1B1DF005FE00FB022A /* Aspect-Data.m in Sources */ = {isa = PBXBuildFile; fileRef = 7B4D7E1A1DF005FE00FB022A /* Aspect-Data.m */; };
		7B4D7E1D1DF0097800FB022A /* Acupoint.data in Resources */ = {isa = PBXBuildFile; fileRef = 7B4D7E1C1DF0097800FB022A /* Acupoint.data */; };
		7B4DF42E1DD55C5C00D30544 /* URLManager.plist in Resources */ = {isa = PBXBuildFile; fileRef = 7B4DF42D1DD55C5C00D30544 /* URLManager.plist */; };
		7B4DF4321DD5653800D30544 /* HLURLManager.m in Sources */ = {isa = PBXBuildFile; fileRef = 7B4DF4311DD5653800D30544 /* HLURLManager.m */; };
		7B4E90251DD4165000CDCA67 /* PositionListSceneModel.m in Sources */ = {isa = PBXBuildFile; fileRef = 7B4E901E1DD4165000CDCA67 /* PositionListSceneModel.m */; };
		7B4E90261DD4165000CDCA67 /* PositionListViewController.m in Sources */ = {isa = PBXBuildFile; fileRef = 7B4E90201DD4165000CDCA67 /* PositionListViewController.m */; };
		7B4E90271DD4165000CDCA67 /* PositionListViewController.xib in Resources */ = {isa = PBXBuildFile; fileRef = 7B4E90211DD4165000CDCA67 /* PositionListViewController.xib */; };
		7B4E90281DD4165000CDCA67 /* PositionTableViewCell.m in Sources */ = {isa = PBXBuildFile; fileRef = 7B4E90231DD4165000CDCA67 /* PositionTableViewCell.m */; };
		7B4E90291DD4165000CDCA67 /* PositionTableViewCell.xib in Resources */ = {isa = PBXBuildFile; fileRef = 7B4E90241DD4165000CDCA67 /* PositionTableViewCell.xib */; };
		7B4E902C1DD4176800CDCA67 /* PositionModel.m in Sources */ = {isa = PBXBuildFile; fileRef = 7B4E902B1DD4176800CDCA67 /* PositionModel.m */; };
		7B4E902E1DD47D9400CDCA67 /* Aspect-URL.m in Sources */ = {isa = PBXBuildFile; fileRef = 7B4E902D1DD47D9400CDCA67 /* Aspect-URL.m */; };
		7B51D5311DC86B20009D23A9 /* XYListView.m in Sources */ = {isa = PBXBuildFile; fileRef = 7B51D52E1DC86B20009D23A9 /* XYListView.m */; };
		7B51D5321DC86B20009D23A9 /* XYListViewCell.m in Sources */ = {isa = PBXBuildFile; fileRef = 7B51D5301DC86B20009D23A9 /* XYListViewCell.m */; };
		7B51D5501DC889D9009D23A9 /* HLNavigationSelectAction.m in Sources */ = {isa = PBXBuildFile; fileRef = 7B51D54A1DC889D9009D23A9 /* HLNavigationSelectAction.m */; };
		7B51D5511DC889D9009D23A9 /* HLNavigationSelectView.m in Sources */ = {isa = PBXBuildFile; fileRef = 7B51D54C1DC889D9009D23A9 /* HLNavigationSelectView.m */; };
		7B51D5521DC889D9009D23A9 /* HLNavigationSelectViewCell.m in Sources */ = {isa = PBXBuildFile; fileRef = 7B51D54E1DC889D9009D23A9 /* HLNavigationSelectViewCell.m */; };
		7B51D5531DC889D9009D23A9 /* HLNavigationSelectViewCell.xib in Resources */ = {isa = PBXBuildFile; fileRef = 7B51D54F1DC889D9009D23A9 /* HLNavigationSelectViewCell.xib */; };
		7B51D5561DC889EA009D23A9 /* HLNavigationView.m in Sources */ = {isa = PBXBuildFile; fileRef = 7B51D5551DC889EA009D23A9 /* HLNavigationView.m */; };
		7B51D55B1DC89C87009D23A9 /* SearchViewController.m in Sources */ = {isa = PBXBuildFile; fileRef = 7B51D5591DC89C87009D23A9 /* SearchViewController.m */; };
		7B51D55C1DC89C87009D23A9 /* SearchViewController.xib in Resources */ = {isa = PBXBuildFile; fileRef = 7B51D55A1DC89C87009D23A9 /* SearchViewController.xib */; };
		7B51D5601DC89E21009D23A9 /* XYEnum.m in Sources */ = {isa = PBXBuildFile; fileRef = 7B51D55F1DC89E21009D23A9 /* XYEnum.m */; };
		7B58C3011DC71FCC0061E46D /* MeridianListSceneModel.m in Sources */ = {isa = PBXBuildFile; fileRef = 7B58C3001DC71FCC0061E46D /* MeridianListSceneModel.m */; };
		7B58C3071DC725CB0061E46D /* AcupointListSceneModel.m in Sources */ = {isa = PBXBuildFile; fileRef = 7B58C3061DC725CB0061E46D /* AcupointListSceneModel.m */; };
		7B58C30A1DC733D90061E46D /* HLNavigationController.m in Sources */ = {isa = PBXBuildFile; fileRef = 7B58C3091DC733D90061E46D /* HLNavigationController.m */; };
		7B58C3141DC74CC20061E46D /* FunctionListScene.m in Sources */ = {isa = PBXBuildFile; fileRef = 7B58C30D1DC74CC20061E46D /* FunctionListScene.m */; };
		7B58C3151DC74CC20061E46D /* FunctionListScene.xib in Resources */ = {isa = PBXBuildFile; fileRef = 7B58C30E1DC74CC20061E46D /* FunctionListScene.xib */; };
		7B58C3161DC74CC20061E46D /* FunctionListSceneModel.m in Sources */ = {isa = PBXBuildFile; fileRef = 7B58C3101DC74CC20061E46D /* FunctionListSceneModel.m */; };
		7B58C3171DC74CC20061E46D /* FunctionTableViewCell.m in Sources */ = {isa = PBXBuildFile; fileRef = 7B58C3121DC74CC20061E46D /* FunctionTableViewCell.m */; };
		7B58C3181DC74CC20061E46D /* FunctionTableViewCell.xib in Resources */ = {isa = PBXBuildFile; fileRef = 7B58C3131DC74CC20061E46D /* FunctionTableViewCell.xib */; };
		7B6DF4991DC9826E009B5840 /* ControllerModel.m in Sources */ = {isa = PBXBuildFile; fileRef = 7B6DF4981DC9826E009B5840 /* ControllerModel.m */; };
		7B6DF4C31DC996C5009B5840 /* MeScene.m in Sources */ = {isa = PBXBuildFile; fileRef = 7B6DF4B31DC996C5009B5840 /* MeScene.m */; };
		7B6DF4C41DC996C5009B5840 /* MeScene.xib in Resources */ = {isa = PBXBuildFile; fileRef = 7B6DF4B41DC996C5009B5840 /* MeScene.xib */; };
		7B6DF4C51DC996C5009B5840 /* MeSceneModel.m in Sources */ = {isa = PBXBuildFile; fileRef = 7B6DF4B61DC996C5009B5840 /* MeSceneModel.m */; };
		7B6DF4C61DC996C5009B5840 /* MeTableViewCell.m in Sources */ = {isa = PBXBuildFile; fileRef = 7B6DF4B81DC996C5009B5840 /* MeTableViewCell.m */; };
		7B6DF4C71DC996C5009B5840 /* MeTableViewCell.xib in Resources */ = {isa = PBXBuildFile; fileRef = 7B6DF4B91DC996C5009B5840 /* MeTableViewCell.xib */; };
		7B6DF4C81DC996C5009B5840 /* FavoriteSceneModel.m in Sources */ = {isa = PBXBuildFile; fileRef = 7B6DF4BC1DC996C5009B5840 /* FavoriteSceneModel.m */; };
		7B6DF4C91DC996C5009B5840 /* FavoriteTableViewCell.m in Sources */ = {isa = PBXBuildFile; fileRef = 7B6DF4BE1DC996C5009B5840 /* FavoriteTableViewCell.m */; };
		7B6DF4CA1DC996C5009B5840 /* FavoriteTableViewCell.xib in Resources */ = {isa = PBXBuildFile; fileRef = 7B6DF4BF1DC996C5009B5840 /* FavoriteTableViewCell.xib */; };
		7B6DF4CB1DC996C5009B5840 /* FavoriteViewController.m in Sources */ = {isa = PBXBuildFile; fileRef = 7B6DF4C11DC996C5009B5840 /* FavoriteViewController.m */; };
		7B6DF4CC1DC996C5009B5840 /* FavoriteViewController.xib in Resources */ = {isa = PBXBuildFile; fileRef = 7B6DF4C21DC996C5009B5840 /* FavoriteViewController.xib */; };
		7B6DF4CF1DC9BE2F009B5840 /* SearchSceneModel.m in Sources */ = {isa = PBXBuildFile; fileRef = 7B6DF4CE1DC9BE2F009B5840 /* SearchSceneModel.m */; };
		7B6DF4D31DC9C26E009B5840 /* SearchTableViewCell.m in Sources */ = {isa = PBXBuildFile; fileRef = 7B6DF4D11DC9C26E009B5840 /* SearchTableViewCell.m */; };
		7B6DF4D41DC9C26E009B5840 /* SearchTableViewCell.xib in Resources */ = {isa = PBXBuildFile; fileRef = 7B6DF4D21DC9C26E009B5840 /* SearchTableViewCell.xib */; };
		7B8FB3371DF29091003EA465 /* HLTextView.m in Sources */ = {isa = PBXBuildFile; fileRef = 7B8FB3361DF29091003EA465 /* HLTextView.m */; };
		7BCA58A41D5AC1C30064A20C /* AppDelegate.m in Sources */ = {isa = PBXBuildFile; fileRef = 7BCA58A31D5AC1C30064A20C /* AppDelegate.m */; };
		7BCA58AC1D5AC1C30064A20C /* Assets.xcassets in Resources */ = {isa = PBXBuildFile; fileRef = 7BCA58AB1D5AC1C30064A20C /* Assets.xcassets */; };
		7BCA58BA1D5AC20F0064A20C /* main.m in Sources */ = {isa = PBXBuildFile; fileRef = 7BCA58B81D5AC20F0064A20C /* main.m */; };
		7BCA58C71D5ADA2E0064A20C /* Aspect-Window.m in Sources */ = {isa = PBXBuildFile; fileRef = 7BCA58C61D5ADA2E0064A20C /* Aspect-Window.m */; };
		7BCA58CC1D5ADAC00064A20C /* TabBarController.m in Sources */ = {isa = PBXBuildFile; fileRef = 7BCA58CA1D5ADAC00064A20C /* TabBarController.m */; };
		7BCA58D41D5AE1E30064A20C /* HLViewController.m in Sources */ = {isa = PBXBuildFile; fileRef = 7BCA58D21D5AE1E30064A20C /* HLViewController.m */; };
		7BCA58DA1D5AE25F0064A20C /* FunctionModel.m in Sources */ = {isa = PBXBuildFile; fileRef = 7BCA58D71D5AE25F0064A20C /* FunctionModel.m */; };
		7BCA58DB1D5AE25F0064A20C /* MeridianModel.m in Sources */ = {isa = PBXBuildFile; fileRef = 7BCA58D91D5AE25F0064A20C /* MeridianModel.m */; };
		7BCA58E11D5AE2670064A20C /* AppData.m in Sources */ = {isa = PBXBuildFile; fileRef = 7BCA58DF1D5AE2670064A20C /* AppData.m */; };
		7BCA59081D5AE27B0064A20C /* AcupointCategoryListScene.m in Sources */ = {isa = PBXBuildFile; fileRef = 7BCA58E91D5AE27A0064A20C /* AcupointCategoryListScene.m */; };
		7BCA59091D5AE27B0064A20C /* AcupointCategoryListScene.xib in Resources */ = {isa = PBXBuildFile; fileRef = 7BCA58EA1D5AE27A0064A20C /* AcupointCategoryListScene.xib */; };
		7BCA590A1D5AE27B0064A20C /* AcupointCategoryTableViewCell.m in Sources */ = {isa = PBXBuildFile; fileRef = 7BCA58EC1D5AE27A0064A20C /* AcupointCategoryTableViewCell.m */; };
		7BCA590B1D5AE27B0064A20C /* AcupointCategoryTableViewCell.xib in Resources */ = {isa = PBXBuildFile; fileRef = 7BCA58ED1D5AE27A0064A20C /* AcupointCategoryTableViewCell.xib */; };
		7BCA59101D5AE27B0064A20C /* AcupointListScene.m in Sources */ = {isa = PBXBuildFile; fileRef = 7BCA58F71D5AE27B0064A20C /* AcupointListScene.m */; };
		7BCA59111D5AE27B0064A20C /* AcupointListScene.xib in Resources */ = {isa = PBXBuildFile; fileRef = 7BCA58F81D5AE27B0064A20C /* AcupointListScene.xib */; };
		7BCA59121D5AE27B0064A20C /* AcupointTableViewCell.m in Sources */ = {isa = PBXBuildFile; fileRef = 7BCA58FA1D5AE27B0064A20C /* AcupointTableViewCell.m */; };
		7BCA59131D5AE27B0064A20C /* AcupointTableViewCell.xib in Resources */ = {isa = PBXBuildFile; fileRef = 7BCA58FB1D5AE27B0064A20C /* AcupointTableViewCell.xib */; };
		7BCA59141D5AE27B0064A20C /* MeridianListScene.m in Sources */ = {isa = PBXBuildFile; fileRef = 7BCA58FE1D5AE27B0064A20C /* MeridianListScene.m */; };
		7BCA59151D5AE27B0064A20C /* MeridianListScene.xib in Resources */ = {isa = PBXBuildFile; fileRef = 7BCA58FF1D5AE27B0064A20C /* MeridianListScene.xib */; };
		7BCA59161D5AE27B0064A20C /* MeridianTableViewCell.m in Sources */ = {isa = PBXBuildFile; fileRef = 7BCA59011D5AE27B0064A20C /* MeridianTableViewCell.m */; };
		7BCA59171D5AE27B0064A20C /* MeridianTableViewCell.xib in Resources */ = {isa = PBXBuildFile; fileRef = 7BCA59021D5AE27B0064A20C /* MeridianTableViewCell.xib */; };
		7BCA591C1D5AFA5E0064A20C /* Localizable.strings in Resources */ = {isa = PBXBuildFile; fileRef = 7BCA591E1D5AFA5E0064A20C /* Localizable.strings */; };
		7BCA59231D5B01590064A20C /* AcupointCategoryListSceneModel.m in Sources */ = {isa = PBXBuildFile; fileRef = 7BCA59221D5B01590064A20C /* AcupointCategoryListSceneModel.m */; };
		7BCA59261D5B019B0064A20C /* HLSceneModel.m in Sources */ = {isa = PBXBuildFile; fileRef = 7BCA59251D5B019B0064A20C /* HLSceneModel.m */; };
		7BCA592A1D5B02DC0064A20C /* NavigationController.m in Sources */ = {isa = PBXBuildFile; fileRef = 7BCA59291D5B02DC0064A20C /* NavigationController.m */; };
		7BCA592F1D5B0D220064A20C /* Aspect-Appearance.m in Sources */ = {isa = PBXBuildFile; fileRef = 7BCA592E1D5B0D220064A20C /* Aspect-Appearance.m */; };
		7BD144641DD5BD0F00545872 /* NSString+HL.m in Sources */ = {isa = PBXBuildFile; fileRef = 7BD144631DD5BD0F00545872 /* NSString+HL.m */; };
		7BDF51041DEED053004B8848 /* NSData+Encrypt.m in Sources */ = {isa = PBXBuildFile; fileRef = 7BDF51001DEED053004B8848 /* NSData+Encrypt.m */; };
		7BDF51051DEED053004B8848 /* NSString+Encrypt.m in Sources */ = {isa = PBXBuildFile; fileRef = 7BDF51031DEED053004B8848 /* NSString+Encrypt.m */; };
		FC77CB333847027DB6E08FEF /* libPods-HealthyLifestyle.a in Frameworks */ = {isa = PBXBuildFile; fileRef = 0D016E3D882AC6862B454A1F /* libPods-HealthyLifestyle.a */; };
/* End PBXBuildFile section */

/* Begin PBXFileReference section */
		0D016E3D882AC6862B454A1F /* libPods-HealthyLifestyle.a */ = {isa = PBXFileReference; explicitFileType = archive.ar; includeInIndex = 0; path = "libPods-HealthyLifestyle.a"; sourceTree = BUILT_PRODUCTS_DIR; };
		6283F4761CAB592CFAE710D6 /* Pods-HealthyLifestyle.release.xcconfig */ = {isa = PBXFileReference; includeInIndex = 1; lastKnownFileType = text.xcconfig; name = "Pods-HealthyLifestyle.release.xcconfig"; path = "Pods/Target Support Files/Pods-HealthyLifestyle/Pods-HealthyLifestyle.release.xcconfig"; sourceTree = "<group>"; };
		7B2C4F2F1D92761F001F0D30 /* AcupointModel.h */ = {isa = PBXFileReference; fileEncoding = 4; lastKnownFileType = sourcecode.c.h; path = AcupointModel.h; sourceTree = "<group>"; };
		7B2C4F301D92761F001F0D30 /* AcupointModel.m */ = {isa = PBXFileReference; fileEncoding = 4; lastKnownFileType = sourcecode.c.objc; path = AcupointModel.m; sourceTree = "<group>"; };
		7B2C4F351D92941A001F0D30 /* AcupointViewController.h */ = {isa = PBXFileReference; fileEncoding = 4; lastKnownFileType = sourcecode.c.h; path = AcupointViewController.h; sourceTree = "<group>"; };
		7B2C4F361D92941A001F0D30 /* AcupointViewController.m */ = {isa = PBXFileReference; fileEncoding = 4; lastKnownFileType = sourcecode.c.objc; path = AcupointViewController.m; sourceTree = "<group>"; };
		7B2C4F371D92941A001F0D30 /* AcupointViewController.xib */ = {isa = PBXFileReference; fileEncoding = 4; lastKnownFileType = file.xib; path = AcupointViewController.xib; sourceTree = "<group>"; };
		7B3C1A941D5EB26F008E784B /* HLTableViewCell.h */ = {isa = PBXFileReference; fileEncoding = 4; lastKnownFileType = sourcecode.c.h; path = HLTableViewCell.h; sourceTree = "<group>"; };
		7B3C1A951D5EB26F008E784B /* HLTableViewCell.m */ = {isa = PBXFileReference; fileEncoding = 4; lastKnownFileType = sourcecode.c.objc; path = HLTableViewCell.m; sourceTree = "<group>"; };
		7B4D7E1A1DF005FE00FB022A /* Aspect-Data.m */ = {isa = PBXFileReference; fileEncoding = 4; lastKnownFileType = sourcecode.c.objc; path = "Aspect-Data.m"; sourceTree = "<group>"; };
		7B4D7E1C1DF0097800FB022A /* Acupoint.data */ = {isa = PBXFileReference; lastKnownFileType = file; path = Acupoint.data; sourceTree = "<group>"; };
		7B4DF42D1DD55C5C00D30544 /* URLManager.plist */ = {isa = PBXFileReference; fileEncoding = 4; lastKnownFileType = text.plist.xml; path = URLManager.plist; sourceTree = "<group>"; };
		7B4DF4301DD5653800D30544 /* HLURLManager.h */ = {isa = PBXFileReference; fileEncoding = 4; lastKnownFileType = sourcecode.c.h; path = HLURLManager.h; sourceTree = "<group>"; };
		7B4DF4311DD5653800D30544 /* HLURLManager.m */ = {isa = PBXFileReference; fileEncoding = 4; lastKnownFileType = sourcecode.c.objc; path = HLURLManager.m; sourceTree = "<group>"; };
		7B4E901D1DD4165000CDCA67 /* PositionListSceneModel.h */ = {isa = PBXFileReference; fileEncoding = 4; lastKnownFileType = sourcecode.c.h; path = PositionListSceneModel.h; sourceTree = "<group>"; };
		7B4E901E1DD4165000CDCA67 /* PositionListSceneModel.m */ = {isa = PBXFileReference; fileEncoding = 4; lastKnownFileType = sourcecode.c.objc; path = PositionListSceneModel.m; sourceTree = "<group>"; };
		7B4E901F1DD4165000CDCA67 /* PositionListViewController.h */ = {isa = PBXFileReference; fileEncoding = 4; lastKnownFileType = sourcecode.c.h; path = PositionListViewController.h; sourceTree = "<group>"; };
		7B4E90201DD4165000CDCA67 /* PositionListViewController.m */ = {isa = PBXFileReference; fileEncoding = 4; lastKnownFileType = sourcecode.c.objc; path = PositionListViewController.m; sourceTree = "<group>"; };
		7B4E90211DD4165000CDCA67 /* PositionListViewController.xib */ = {isa = PBXFileReference; fileEncoding = 4; lastKnownFileType = file.xib; path = PositionListViewController.xib; sourceTree = "<group>"; };
		7B4E90221DD4165000CDCA67 /* PositionTableViewCell.h */ = {isa = PBXFileReference; fileEncoding = 4; lastKnownFileType = sourcecode.c.h; path = PositionTableViewCell.h; sourceTree = "<group>"; };
		7B4E90231DD4165000CDCA67 /* PositionTableViewCell.m */ = {isa = PBXFileReference; fileEncoding = 4; lastKnownFileType = sourcecode.c.objc; path = PositionTableViewCell.m; sourceTree = "<group>"; };
		7B4E90241DD4165000CDCA67 /* PositionTableViewCell.xib */ = {isa = PBXFileReference; fileEncoding = 4; lastKnownFileType = file.xib; path = PositionTableViewCell.xib; sourceTree = "<group>"; };
		7B4E902A1DD4176800CDCA67 /* PositionModel.h */ = {isa = PBXFileReference; fileEncoding = 4; lastKnownFileType = sourcecode.c.h; path = PositionModel.h; sourceTree = "<group>"; };
		7B4E902B1DD4176800CDCA67 /* PositionModel.m */ = {isa = PBXFileReference; fileEncoding = 4; lastKnownFileType = sourcecode.c.objc; path = PositionModel.m; sourceTree = "<group>"; };
		7B4E902D1DD47D9400CDCA67 /* Aspect-URL.m */ = {isa = PBXFileReference; fileEncoding = 4; lastKnownFileType = sourcecode.c.objc; path = "Aspect-URL.m"; sourceTree = "<group>"; };
		7B51D52D1DC86B20009D23A9 /* XYListView.h */ = {isa = PBXFileReference; fileEncoding = 4; lastKnownFileType = sourcecode.c.h; path = XYListView.h; sourceTree = "<group>"; };
		7B51D52E1DC86B20009D23A9 /* XYListView.m */ = {isa = PBXFileReference; fileEncoding = 4; lastKnownFileType = sourcecode.c.objc; path = XYListView.m; sourceTree = "<group>"; };
		7B51D52F1DC86B20009D23A9 /* XYListViewCell.h */ = {isa = PBXFileReference; fileEncoding = 4; lastKnownFileType = sourcecode.c.h; path = XYListViewCell.h; sourceTree = "<group>"; };
		7B51D5301DC86B20009D23A9 /* XYListViewCell.m */ = {isa = PBXFileReference; fileEncoding = 4; lastKnownFileType = sourcecode.c.objc; path = XYListViewCell.m; sourceTree = "<group>"; };
		7B51D5491DC889D9009D23A9 /* HLNavigationSelectAction.h */ = {isa = PBXFileReference; fileEncoding = 4; lastKnownFileType = sourcecode.c.h; path = HLNavigationSelectAction.h; sourceTree = "<group>"; };
		7B51D54A1DC889D9009D23A9 /* HLNavigationSelectAction.m */ = {isa = PBXFileReference; fileEncoding = 4; lastKnownFileType = sourcecode.c.objc; path = HLNavigationSelectAction.m; sourceTree = "<group>"; };
		7B51D54B1DC889D9009D23A9 /* HLNavigationSelectView.h */ = {isa = PBXFileReference; fileEncoding = 4; lastKnownFileType = sourcecode.c.h; path = HLNavigationSelectView.h; sourceTree = "<group>"; };
		7B51D54C1DC889D9009D23A9 /* HLNavigationSelectView.m */ = {isa = PBXFileReference; fileEncoding = 4; lastKnownFileType = sourcecode.c.objc; path = HLNavigationSelectView.m; sourceTree = "<group>"; };
		7B51D54D1DC889D9009D23A9 /* HLNavigationSelectViewCell.h */ = {isa = PBXFileReference; fileEncoding = 4; lastKnownFileType = sourcecode.c.h; path = HLNavigationSelectViewCell.h; sourceTree = "<group>"; };
		7B51D54E1DC889D9009D23A9 /* HLNavigationSelectViewCell.m */ = {isa = PBXFileReference; fileEncoding = 4; lastKnownFileType = sourcecode.c.objc; path = HLNavigationSelectViewCell.m; sourceTree = "<group>"; };
		7B51D54F1DC889D9009D23A9 /* HLNavigationSelectViewCell.xib */ = {isa = PBXFileReference; fileEncoding = 4; lastKnownFileType = file.xib; path = HLNavigationSelectViewCell.xib; sourceTree = "<group>"; };
		7B51D5541DC889EA009D23A9 /* HLNavigationView.h */ = {isa = PBXFileReference; fileEncoding = 4; lastKnownFileType = sourcecode.c.h; path = HLNavigationView.h; sourceTree = "<group>"; };
		7B51D5551DC889EA009D23A9 /* HLNavigationView.m */ = {isa = PBXFileReference; fileEncoding = 4; lastKnownFileType = sourcecode.c.objc; path = HLNavigationView.m; sourceTree = "<group>"; };
		7B51D5581DC89C87009D23A9 /* SearchViewController.h */ = {isa = PBXFileReference; fileEncoding = 4; lastKnownFileType = sourcecode.c.h; path = SearchViewController.h; sourceTree = "<group>"; };
		7B51D5591DC89C87009D23A9 /* SearchViewController.m */ = {isa = PBXFileReference; fileEncoding = 4; lastKnownFileType = sourcecode.c.objc; path = SearchViewController.m; sourceTree = "<group>"; };
		7B51D55A1DC89C87009D23A9 /* SearchViewController.xib */ = {isa = PBXFileReference; fileEncoding = 4; lastKnownFileType = file.xib; path = SearchViewController.xib; sourceTree = "<group>"; };
		7B51D55E1DC89E21009D23A9 /* XYEnum.h */ = {isa = PBXFileReference; fileEncoding = 4; lastKnownFileType = sourcecode.c.h; path = XYEnum.h; sourceTree = "<group>"; };
		7B51D55F1DC89E21009D23A9 /* XYEnum.m */ = {isa = PBXFileReference; fileEncoding = 4; lastKnownFileType = sourcecode.c.objc; path = XYEnum.m; sourceTree = "<group>"; };
		7B58C2FF1DC71FCC0061E46D /* MeridianListSceneModel.h */ = {isa = PBXFileReference; fileEncoding = 4; lastKnownFileType = sourcecode.c.h; path = MeridianListSceneModel.h; sourceTree = "<group>"; };
		7B58C3001DC71FCC0061E46D /* MeridianListSceneModel.m */ = {isa = PBXFileReference; fileEncoding = 4; lastKnownFileType = sourcecode.c.objc; path = MeridianListSceneModel.m; sourceTree = "<group>"; };
		7B58C3051DC725CB0061E46D /* AcupointListSceneModel.h */ = {isa = PBXFileReference; fileEncoding = 4; lastKnownFileType = sourcecode.c.h; path = AcupointListSceneModel.h; sourceTree = "<group>"; };
		7B58C3061DC725CB0061E46D /* AcupointListSceneModel.m */ = {isa = PBXFileReference; fileEncoding = 4; lastKnownFileType = sourcecode.c.objc; path = AcupointListSceneModel.m; sourceTree = "<group>"; };
		7B58C3081DC733D90061E46D /* HLNavigationController.h */ = {isa = PBXFileReference; fileEncoding = 4; lastKnownFileType = sourcecode.c.h; path = HLNavigationController.h; sourceTree = "<group>"; };
		7B58C3091DC733D90061E46D /* HLNavigationController.m */ = {isa = PBXFileReference; fileEncoding = 4; lastKnownFileType = sourcecode.c.objc; path = HLNavigationController.m; sourceTree = "<group>"; };
		7B58C30C1DC74CC20061E46D /* FunctionListScene.h */ = {isa = PBXFileReference; fileEncoding = 4; lastKnownFileType = sourcecode.c.h; path = FunctionListScene.h; sourceTree = "<group>"; };
		7B58C30D1DC74CC20061E46D /* FunctionListScene.m */ = {isa = PBXFileReference; fileEncoding = 4; lastKnownFileType = sourcecode.c.objc; path = FunctionListScene.m; sourceTree = "<group>"; };
		7B58C30E1DC74CC20061E46D /* FunctionListScene.xib */ = {isa = PBXFileReference; fileEncoding = 4; lastKnownFileType = file.xib; path = FunctionListScene.xib; sourceTree = "<group>"; };
		7B58C30F1DC74CC20061E46D /* FunctionListSceneModel.h */ = {isa = PBXFileReference; fileEncoding = 4; lastKnownFileType = sourcecode.c.h; path = FunctionListSceneModel.h; sourceTree = "<group>"; };
		7B58C3101DC74CC20061E46D /* FunctionListSceneModel.m */ = {isa = PBXFileReference; fileEncoding = 4; lastKnownFileType = sourcecode.c.objc; path = FunctionListSceneModel.m; sourceTree = "<group>"; };
		7B58C3111DC74CC20061E46D /* FunctionTableViewCell.h */ = {isa = PBXFileReference; fileEncoding = 4; lastKnownFileType = sourcecode.c.h; path = FunctionTableViewCell.h; sourceTree = "<group>"; };
		7B58C3121DC74CC20061E46D /* FunctionTableViewCell.m */ = {isa = PBXFileReference; fileEncoding = 4; lastKnownFileType = sourcecode.c.objc; path = FunctionTableViewCell.m; sourceTree = "<group>"; };
		7B58C3131DC74CC20061E46D /* FunctionTableViewCell.xib */ = {isa = PBXFileReference; fileEncoding = 4; lastKnownFileType = file.xib; path = FunctionTableViewCell.xib; sourceTree = "<group>"; };
		7B6DF4971DC9826E009B5840 /* ControllerModel.h */ = {isa = PBXFileReference; fileEncoding = 4; lastKnownFileType = sourcecode.c.h; path = ControllerModel.h; sourceTree = "<group>"; };
		7B6DF4981DC9826E009B5840 /* ControllerModel.m */ = {isa = PBXFileReference; fileEncoding = 4; lastKnownFileType = sourcecode.c.objc; path = ControllerModel.m; sourceTree = "<group>"; };
		7B6DF4B21DC996C5009B5840 /* MeScene.h */ = {isa = PBXFileReference; fileEncoding = 4; lastKnownFileType = sourcecode.c.h; path = MeScene.h; sourceTree = "<group>"; };
		7B6DF4B31DC996C5009B5840 /* MeScene.m */ = {isa = PBXFileReference; fileEncoding = 4; lastKnownFileType = sourcecode.c.objc; path = MeScene.m; sourceTree = "<group>"; };
		7B6DF4B41DC996C5009B5840 /* MeScene.xib */ = {isa = PBXFileReference; fileEncoding = 4; lastKnownFileType = file.xib; path = MeScene.xib; sourceTree = "<group>"; };
		7B6DF4B51DC996C5009B5840 /* MeSceneModel.h */ = {isa = PBXFileReference; fileEncoding = 4; lastKnownFileType = sourcecode.c.h; path = MeSceneModel.h; sourceTree = "<group>"; };
		7B6DF4B61DC996C5009B5840 /* MeSceneModel.m */ = {isa = PBXFileReference; fileEncoding = 4; lastKnownFileType = sourcecode.c.objc; path = MeSceneModel.m; sourceTree = "<group>"; };
		7B6DF4B71DC996C5009B5840 /* MeTableViewCell.h */ = {isa = PBXFileReference; fileEncoding = 4; lastKnownFileType = sourcecode.c.h; path = MeTableViewCell.h; sourceTree = "<group>"; };
		7B6DF4B81DC996C5009B5840 /* MeTableViewCell.m */ = {isa = PBXFileReference; fileEncoding = 4; lastKnownFileType = sourcecode.c.objc; path = MeTableViewCell.m; sourceTree = "<group>"; };
		7B6DF4B91DC996C5009B5840 /* MeTableViewCell.xib */ = {isa = PBXFileReference; fileEncoding = 4; lastKnownFileType = file.xib; path = MeTableViewCell.xib; sourceTree = "<group>"; };
		7B6DF4BB1DC996C5009B5840 /* FavoriteSceneModel.h */ = {isa = PBXFileReference; fileEncoding = 4; lastKnownFileType = sourcecode.c.h; path = FavoriteSceneModel.h; sourceTree = "<group>"; };
		7B6DF4BC1DC996C5009B5840 /* FavoriteSceneModel.m */ = {isa = PBXFileReference; fileEncoding = 4; lastKnownFileType = sourcecode.c.objc; path = FavoriteSceneModel.m; sourceTree = "<group>"; };
		7B6DF4BD1DC996C5009B5840 /* FavoriteTableViewCell.h */ = {isa = PBXFileReference; fileEncoding = 4; lastKnownFileType = sourcecode.c.h; path = FavoriteTableViewCell.h; sourceTree = "<group>"; };
		7B6DF4BE1DC996C5009B5840 /* FavoriteTableViewCell.m */ = {isa = PBXFileReference; fileEncoding = 4; lastKnownFileType = sourcecode.c.objc; path = FavoriteTableViewCell.m; sourceTree = "<group>"; };
		7B6DF4BF1DC996C5009B5840 /* FavoriteTableViewCell.xib */ = {isa = PBXFileReference; fileEncoding = 4; lastKnownFileType = file.xib; path = FavoriteTableViewCell.xib; sourceTree = "<group>"; };
		7B6DF4C01DC996C5009B5840 /* FavoriteViewController.h */ = {isa = PBXFileReference; fileEncoding = 4; lastKnownFileType = sourcecode.c.h; path = FavoriteViewController.h; sourceTree = "<group>"; };
		7B6DF4C11DC996C5009B5840 /* FavoriteViewController.m */ = {isa = PBXFileReference; fileEncoding = 4; lastKnownFileType = sourcecode.c.objc; path = FavoriteViewController.m; sourceTree = "<group>"; };
		7B6DF4C21DC996C5009B5840 /* FavoriteViewController.xib */ = {isa = PBXFileReference; fileEncoding = 4; lastKnownFileType = file.xib; path = FavoriteViewController.xib; sourceTree = "<group>"; };
		7B6DF4CD1DC9BE2F009B5840 /* SearchSceneModel.h */ = {isa = PBXFileReference; fileEncoding = 4; lastKnownFileType = sourcecode.c.h; path = SearchSceneModel.h; sourceTree = "<group>"; };
		7B6DF4CE1DC9BE2F009B5840 /* SearchSceneModel.m */ = {isa = PBXFileReference; fileEncoding = 4; lastKnownFileType = sourcecode.c.objc; path = SearchSceneModel.m; sourceTree = "<group>"; };
		7B6DF4D01DC9C26E009B5840 /* SearchTableViewCell.h */ = {isa = PBXFileReference; fileEncoding = 4; lastKnownFileType = sourcecode.c.h; path = SearchTableViewCell.h; sourceTree = "<group>"; };
		7B6DF4D11DC9C26E009B5840 /* SearchTableViewCell.m */ = {isa = PBXFileReference; fileEncoding = 4; lastKnownFileType = sourcecode.c.objc; path = SearchTableViewCell.m; sourceTree = "<group>"; };
		7B6DF4D21DC9C26E009B5840 /* SearchTableViewCell.xib */ = {isa = PBXFileReference; fileEncoding = 4; lastKnownFileType = file.xib; path = SearchTableViewCell.xib; sourceTree = "<group>"; };
		7B8FB3351DF29091003EA465 /* HLTextView.h */ = {isa = PBXFileReference; fileEncoding = 4; lastKnownFileType = sourcecode.c.h; path = HLTextView.h; sourceTree = "<group>"; };
		7B8FB3361DF29091003EA465 /* HLTextView.m */ = {isa = PBXFileReference; fileEncoding = 4; lastKnownFileType = sourcecode.c.objc; path = HLTextView.m; sourceTree = "<group>"; };
		7BCA589C1D5AC1C30064A20C /* HealthyLifestyle.app */ = {isa = PBXFileReference; explicitFileType = wrapper.application; includeInIndex = 0; path = HealthyLifestyle.app; sourceTree = BUILT_PRODUCTS_DIR; };
		7BCA58A21D5AC1C30064A20C /* AppDelegate.h */ = {isa = PBXFileReference; lastKnownFileType = sourcecode.c.h; path = AppDelegate.h; sourceTree = "<group>"; };
		7BCA58A31D5AC1C30064A20C /* AppDelegate.m */ = {isa = PBXFileReference; lastKnownFileType = sourcecode.c.objc; path = AppDelegate.m; sourceTree = "<group>"; };
		7BCA58AB1D5AC1C30064A20C /* Assets.xcassets */ = {isa = PBXFileReference; lastKnownFileType = folder.assetcatalog; path = Assets.xcassets; sourceTree = "<group>"; };
		7BCA58B71D5AC20F0064A20C /* Info.plist */ = {isa = PBXFileReference; fileEncoding = 4; lastKnownFileType = text.plist.xml; path = Info.plist; sourceTree = "<group>"; };
		7BCA58B81D5AC20F0064A20C /* main.m */ = {isa = PBXFileReference; fileEncoding = 4; lastKnownFileType = sourcecode.c.objc; path = main.m; sourceTree = "<group>"; };
		7BCA58C61D5ADA2E0064A20C /* Aspect-Window.m */ = {isa = PBXFileReference; fileEncoding = 4; lastKnownFileType = sourcecode.c.objc; path = "Aspect-Window.m"; sourceTree = "<group>"; };
		7BCA58C91D5ADAC00064A20C /* TabBarController.h */ = {isa = PBXFileReference; fileEncoding = 4; lastKnownFileType = sourcecode.c.h; path = TabBarController.h; sourceTree = "<group>"; };
		7BCA58CA1D5ADAC00064A20C /* TabBarController.m */ = {isa = PBXFileReference; fileEncoding = 4; lastKnownFileType = sourcecode.c.objc; path = TabBarController.m; sourceTree = "<group>"; };
		7BCA58D11D5AE1E30064A20C /* HLViewController.h */ = {isa = PBXFileReference; fileEncoding = 4; lastKnownFileType = sourcecode.c.h; path = HLViewController.h; sourceTree = "<group>"; };
		7BCA58D21D5AE1E30064A20C /* HLViewController.m */ = {isa = PBXFileReference; fileEncoding = 4; lastKnownFileType = sourcecode.c.objc; path = HLViewController.m; sourceTree = "<group>"; };
		7BCA58D61D5AE25F0064A20C /* FunctionModel.h */ = {isa = PBXFileReference; fileEncoding = 4; lastKnownFileType = sourcecode.c.h; path = FunctionModel.h; sourceTree = "<group>"; };
		7BCA58D71D5AE25F0064A20C /* FunctionModel.m */ = {isa = PBXFileReference; fileEncoding = 4; lastKnownFileType = sourcecode.c.objc; path = FunctionModel.m; sourceTree = "<group>"; };
		7BCA58D81D5AE25F0064A20C /* MeridianModel.h */ = {isa = PBXFileReference; fileEncoding = 4; lastKnownFileType = sourcecode.c.h; path = MeridianModel.h; sourceTree = "<group>"; };
		7BCA58D91D5AE25F0064A20C /* MeridianModel.m */ = {isa = PBXFileReference; fileEncoding = 4; lastKnownFileType = sourcecode.c.objc; path = MeridianModel.m; sourceTree = "<group>"; };
		7BCA58DE1D5AE2670064A20C /* AppData.h */ = {isa = PBXFileReference; fileEncoding = 4; lastKnownFileType = sourcecode.c.h; path = AppData.h; sourceTree = "<group>"; };
		7BCA58DF1D5AE2670064A20C /* AppData.m */ = {isa = PBXFileReference; fileEncoding = 4; lastKnownFileType = sourcecode.c.objc; path = AppData.m; sourceTree = "<group>"; };
		7BCA58E81D5AE27A0064A20C /* AcupointCategoryListScene.h */ = {isa = PBXFileReference; fileEncoding = 4; lastKnownFileType = sourcecode.c.h; path = AcupointCategoryListScene.h; sourceTree = "<group>"; };
		7BCA58E91D5AE27A0064A20C /* AcupointCategoryListScene.m */ = {isa = PBXFileReference; fileEncoding = 4; lastKnownFileType = sourcecode.c.objc; path = AcupointCategoryListScene.m; sourceTree = "<group>"; };
		7BCA58EA1D5AE27A0064A20C /* AcupointCategoryListScene.xib */ = {isa = PBXFileReference; fileEncoding = 4; lastKnownFileType = file.xib; path = AcupointCategoryListScene.xib; sourceTree = "<group>"; };
		7BCA58EB1D5AE27A0064A20C /* AcupointCategoryTableViewCell.h */ = {isa = PBXFileReference; fileEncoding = 4; lastKnownFileType = sourcecode.c.h; path = AcupointCategoryTableViewCell.h; sourceTree = "<group>"; };
		7BCA58EC1D5AE27A0064A20C /* AcupointCategoryTableViewCell.m */ = {isa = PBXFileReference; fileEncoding = 4; lastKnownFileType = sourcecode.c.objc; path = AcupointCategoryTableViewCell.m; sourceTree = "<group>"; };
		7BCA58ED1D5AE27A0064A20C /* AcupointCategoryTableViewCell.xib */ = {isa = PBXFileReference; fileEncoding = 4; lastKnownFileType = file.xib; path = AcupointCategoryTableViewCell.xib; sourceTree = "<group>"; };
		7BCA58F61D5AE27B0064A20C /* AcupointListScene.h */ = {isa = PBXFileReference; fileEncoding = 4; lastKnownFileType = sourcecode.c.h; path = AcupointListScene.h; sourceTree = "<group>"; };
		7BCA58F71D5AE27B0064A20C /* AcupointListScene.m */ = {isa = PBXFileReference; fileEncoding = 4; lastKnownFileType = sourcecode.c.objc; path = AcupointListScene.m; sourceTree = "<group>"; };
		7BCA58F81D5AE27B0064A20C /* AcupointListScene.xib */ = {isa = PBXFileReference; fileEncoding = 4; lastKnownFileType = file.xib; path = AcupointListScene.xib; sourceTree = "<group>"; };
		7BCA58F91D5AE27B0064A20C /* AcupointTableViewCell.h */ = {isa = PBXFileReference; fileEncoding = 4; lastKnownFileType = sourcecode.c.h; path = AcupointTableViewCell.h; sourceTree = "<group>"; };
		7BCA58FA1D5AE27B0064A20C /* AcupointTableViewCell.m */ = {isa = PBXFileReference; fileEncoding = 4; lastKnownFileType = sourcecode.c.objc; path = AcupointTableViewCell.m; sourceTree = "<group>"; };
		7BCA58FB1D5AE27B0064A20C /* AcupointTableViewCell.xib */ = {isa = PBXFileReference; fileEncoding = 4; lastKnownFileType = file.xib; path = AcupointTableViewCell.xib; sourceTree = "<group>"; };
		7BCA58FD1D5AE27B0064A20C /* MeridianListScene.h */ = {isa = PBXFileReference; fileEncoding = 4; lastKnownFileType = sourcecode.c.h; path = MeridianListScene.h; sourceTree = "<group>"; };
		7BCA58FE1D5AE27B0064A20C /* MeridianListScene.m */ = {isa = PBXFileReference; fileEncoding = 4; lastKnownFileType = sourcecode.c.objc; path = MeridianListScene.m; sourceTree = "<group>"; };
		7BCA58FF1D5AE27B0064A20C /* MeridianListScene.xib */ = {isa = PBXFileReference; fileEncoding = 4; lastKnownFileType = file.xib; path = MeridianListScene.xib; sourceTree = "<group>"; };
		7BCA59001D5AE27B0064A20C /* MeridianTableViewCell.h */ = {isa = PBXFileReference; fileEncoding = 4; lastKnownFileType = sourcecode.c.h; path = MeridianTableViewCell.h; sourceTree = "<group>"; };
		7BCA59011D5AE27B0064A20C /* MeridianTableViewCell.m */ = {isa = PBXFileReference; fileEncoding = 4; lastKnownFileType = sourcecode.c.objc; path = MeridianTableViewCell.m; sourceTree = "<group>"; };
		7BCA59021D5AE27B0064A20C /* MeridianTableViewCell.xib */ = {isa = PBXFileReference; fileEncoding = 4; lastKnownFileType = file.xib; path = MeridianTableViewCell.xib; sourceTree = "<group>"; };
		7BCA59191D5AE2FF0064A20C /* PrefixHeader.pch */ = {isa = PBXFileReference; fileEncoding = 4; lastKnownFileType = sourcecode.c.h; path = PrefixHeader.pch; sourceTree = "<group>"; };
		7BCA591F1D5AFA600064A20C /* en */ = {isa = PBXFileReference; lastKnownFileType = text.plist.strings; name = en; path = en.lproj/Localizable.strings; sourceTree = "<group>"; };
		7BCA59201D5AFAA90064A20C /* zh-Hans */ = {isa = PBXFileReference; lastKnownFileType = text.plist.strings; name = "zh-Hans"; path = "zh-Hans.lproj/Localizable.strings"; sourceTree = "<group>"; };
		7BCA59211D5B01590064A20C /* AcupointCategoryListSceneModel.h */ = {isa = PBXFileReference; fileEncoding = 4; lastKnownFileType = sourcecode.c.h; path = AcupointCategoryListSceneModel.h; sourceTree = "<group>"; };
		7BCA59221D5B01590064A20C /* AcupointCategoryListSceneModel.m */ = {isa = PBXFileReference; fileEncoding = 4; lastKnownFileType = sourcecode.c.objc; path = AcupointCategoryListSceneModel.m; sourceTree = "<group>"; };
		7BCA59241D5B019B0064A20C /* HLSceneModel.h */ = {isa = PBXFileReference; fileEncoding = 4; lastKnownFileType = sourcecode.c.h; path = HLSceneModel.h; sourceTree = "<group>"; };
		7BCA59251D5B019B0064A20C /* HLSceneModel.m */ = {isa = PBXFileReference; fileEncoding = 4; lastKnownFileType = sourcecode.c.objc; path = HLSceneModel.m; sourceTree = "<group>"; };
		7BCA59281D5B02DC0064A20C /* NavigationController.h */ = {isa = PBXFileReference; fileEncoding = 4; lastKnownFileType = sourcecode.c.h; path = NavigationController.h; sourceTree = "<group>"; };
		7BCA59291D5B02DC0064A20C /* NavigationController.m */ = {isa = PBXFileReference; fileEncoding = 4; lastKnownFileType = sourcecode.c.objc; path = NavigationController.m; sourceTree = "<group>"; };
		7BCA592E1D5B0D220064A20C /* Aspect-Appearance.m */ = {isa = PBXFileReference; fileEncoding = 4; lastKnownFileType = sourcecode.c.objc; path = "Aspect-Appearance.m"; sourceTree = "<group>"; };
		7BD144621DD5BD0F00545872 /* NSString+HL.h */ = {isa = PBXFileReference; fileEncoding = 4; lastKnownFileType = sourcecode.c.h; path = "NSString+HL.h"; sourceTree = "<group>"; };
		7BD144631DD5BD0F00545872 /* NSString+HL.m */ = {isa = PBXFileReference; fileEncoding = 4; lastKnownFileType = sourcecode.c.objc; path = "NSString+HL.m"; sourceTree = "<group>"; };
		7BDF50FF1DEED053004B8848 /* NSData+Encrypt.h */ = {isa = PBXFileReference; fileEncoding = 4; lastKnownFileType = sourcecode.c.h; path = "NSData+Encrypt.h"; sourceTree = "<group>"; };
		7BDF51001DEED053004B8848 /* NSData+Encrypt.m */ = {isa = PBXFileReference; fileEncoding = 4; lastKnownFileType = sourcecode.c.objc; path = "NSData+Encrypt.m"; sourceTree = "<group>"; };
		7BDF51021DEED053004B8848 /* NSString+Encrypt.h */ = {isa = PBXFileReference; fileEncoding = 4; lastKnownFileType = sourcecode.c.h; path = "NSString+Encrypt.h"; sourceTree = "<group>"; };
		7BDF51031DEED053004B8848 /* NSString+Encrypt.m */ = {isa = PBXFileReference; fileEncoding = 4; lastKnownFileType = sourcecode.c.objc; path = "NSString+Encrypt.m"; sourceTree = "<group>"; };
		F301703D858F82859DDED8E5 /* Pods-HealthyLifestyle.debug.xcconfig */ = {isa = PBXFileReference; includeInIndex = 1; lastKnownFileType = text.xcconfig; name = "Pods-HealthyLifestyle.debug.xcconfig"; path = "Pods/Target Support Files/Pods-HealthyLifestyle/Pods-HealthyLifestyle.debug.xcconfig"; sourceTree = "<group>"; };
/* End PBXFileReference section */

/* Begin PBXFrameworksBuildPhase section */
		7BCA58991D5AC1C30064A20C /* Frameworks */ = {
			isa = PBXFrameworksBuildPhase;
			buildActionMask = 2147483647;
			files = (
				FC77CB333847027DB6E08FEF /* libPods-HealthyLifestyle.a in Frameworks */,
			);
			runOnlyForDeploymentPostprocessing = 0;
		};
/* End PBXFrameworksBuildPhase section */

/* Begin PBXGroup section */
		1F72241821D67E07A3517808 /* Frameworks */ = {
			isa = PBXGroup;
			children = (
				0D016E3D882AC6862B454A1F /* libPods-HealthyLifestyle.a */,
			);
			name = Frameworks;
			sourceTree = "<group>";
		};
		7B2C4F341D9293FE001F0D30 /* 穴位详情 */ = {
			isa = PBXGroup;
			children = (
				7B2C4F351D92941A001F0D30 /* AcupointViewController.h */,
				7B2C4F361D92941A001F0D30 /* AcupointViewController.m */,
				7B2C4F371D92941A001F0D30 /* AcupointViewController.xib */,
			);
			path = "穴位详情";
			sourceTree = "<group>";
		};
		7B4DF42F1DD5650F00D30544 /* HLURLManager */ = {
			isa = PBXGroup;
			children = (
				7B4DF4301DD5653800D30544 /* HLURLManager.h */,
				7B4DF4311DD5653800D30544 /* HLURLManager.m */,
			);
			path = HLURLManager;
			sourceTree = "<group>";
		};
		7B4E901C1DD4165000CDCA67 /* 位置列表 */ = {
			isa = PBXGroup;
			children = (
				7B4E901D1DD4165000CDCA67 /* PositionListSceneModel.h */,
				7B4E901E1DD4165000CDCA67 /* PositionListSceneModel.m */,
				7B4E901F1DD4165000CDCA67 /* PositionListViewController.h */,
				7B4E90201DD4165000CDCA67 /* PositionListViewController.m */,
				7B4E90211DD4165000CDCA67 /* PositionListViewController.xib */,
				7B4E90221DD4165000CDCA67 /* PositionTableViewCell.h */,
				7B4E90231DD4165000CDCA67 /* PositionTableViewCell.m */,
				7B4E90241DD4165000CDCA67 /* PositionTableViewCell.xib */,
			);
			path = "位置列表";
			sourceTree = "<group>";
		};
		7B51D52B1DC86B20009D23A9 /* Views */ = {
			isa = PBXGroup;
			children = (
				7B8FB3341DF29091003EA465 /* HLTextView */,
				7BDF50FE1DEED053004B8848 /* NSData+Encrypt */,
				7BDF51011DEED053004B8848 /* NSString+Encrypt */,
				7BD144611DD5BC7B00545872 /* NSString+HL */,
				7B4DF42F1DD5650F00D30544 /* HLURLManager */,
				7B51D55D1DC89E21009D23A9 /* XYEnum */,
				7B51D52C1DC86B20009D23A9 /* XYListView */,
				7B51D5481DC889D9009D23A9 /* HLNavigationView */,
			);
			path = Views;
			sourceTree = "<group>";
		};
		7B51D52C1DC86B20009D23A9 /* XYListView */ = {
			isa = PBXGroup;
			children = (
				7B51D52D1DC86B20009D23A9 /* XYListView.h */,
				7B51D52E1DC86B20009D23A9 /* XYListView.m */,
				7B51D52F1DC86B20009D23A9 /* XYListViewCell.h */,
				7B51D5301DC86B20009D23A9 /* XYListViewCell.m */,
			);
			path = XYListView;
			sourceTree = "<group>";
		};
		7B51D5481DC889D9009D23A9 /* HLNavigationView */ = {
			isa = PBXGroup;
			children = (
				7B51D5541DC889EA009D23A9 /* HLNavigationView.h */,
				7B51D5551DC889EA009D23A9 /* HLNavigationView.m */,
				7B51D5491DC889D9009D23A9 /* HLNavigationSelectAction.h */,
				7B51D54A1DC889D9009D23A9 /* HLNavigationSelectAction.m */,
				7B51D54B1DC889D9009D23A9 /* HLNavigationSelectView.h */,
				7B51D54C1DC889D9009D23A9 /* HLNavigationSelectView.m */,
				7B51D54D1DC889D9009D23A9 /* HLNavigationSelectViewCell.h */,
				7B51D54E1DC889D9009D23A9 /* HLNavigationSelectViewCell.m */,
				7B51D54F1DC889D9009D23A9 /* HLNavigationSelectViewCell.xib */,
			);
			path = HLNavigationView;
			sourceTree = "<group>";
		};
		7B51D5571DC89C75009D23A9 /* 搜索 */ = {
			isa = PBXGroup;
			children = (
				7B6DF4CD1DC9BE2F009B5840 /* SearchSceneModel.h */,
				7B6DF4CE1DC9BE2F009B5840 /* SearchSceneModel.m */,
				7B51D5581DC89C87009D23A9 /* SearchViewController.h */,
				7B51D5591DC89C87009D23A9 /* SearchViewController.m */,
				7B51D55A1DC89C87009D23A9 /* SearchViewController.xib */,
				7B6DF4D01DC9C26E009B5840 /* SearchTableViewCell.h */,
				7B6DF4D11DC9C26E009B5840 /* SearchTableViewCell.m */,
				7B6DF4D21DC9C26E009B5840 /* SearchTableViewCell.xib */,
			);
			path = "搜索";
			sourceTree = "<group>";
		};
		7B51D55D1DC89E21009D23A9 /* XYEnum */ = {
			isa = PBXGroup;
			children = (
				7B51D55E1DC89E21009D23A9 /* XYEnum.h */,
				7B51D55F1DC89E21009D23A9 /* XYEnum.m */,
			);
			path = XYEnum;
			sourceTree = "<group>";
		};
		7B58C30B1DC74CC20061E46D /* 功能列表 */ = {
			isa = PBXGroup;
			children = (
				7B58C30C1DC74CC20061E46D /* FunctionListScene.h */,
				7B58C30D1DC74CC20061E46D /* FunctionListScene.m */,
				7B58C30E1DC74CC20061E46D /* FunctionListScene.xib */,
				7B58C30F1DC74CC20061E46D /* FunctionListSceneModel.h */,
				7B58C3101DC74CC20061E46D /* FunctionListSceneModel.m */,
				7B58C3111DC74CC20061E46D /* FunctionTableViewCell.h */,
				7B58C3121DC74CC20061E46D /* FunctionTableViewCell.m */,
				7B58C3131DC74CC20061E46D /* FunctionTableViewCell.xib */,
			);
			path = "功能列表";
			sourceTree = "<group>";
		};
		7B6DF4B01DC996C5009B5840 /* 我的 */ = {
			isa = PBXGroup;
			children = (
				7B6DF4B11DC996C5009B5840 /* 我的 */,
				7B6DF4BA1DC996C5009B5840 /* 收藏 */,
			);
			path = "我的";
			sourceTree = "<group>";
		};
		7B6DF4B11DC996C5009B5840 /* 我的 */ = {
			isa = PBXGroup;
			children = (
				7B6DF4B21DC996C5009B5840 /* MeScene.h */,
				7B6DF4B31DC996C5009B5840 /* MeScene.m */,
				7B6DF4B41DC996C5009B5840 /* MeScene.xib */,
				7B6DF4B51DC996C5009B5840 /* MeSceneModel.h */,
				7B6DF4B61DC996C5009B5840 /* MeSceneModel.m */,
				7B6DF4B71DC996C5009B5840 /* MeTableViewCell.h */,
				7B6DF4B81DC996C5009B5840 /* MeTableViewCell.m */,
				7B6DF4B91DC996C5009B5840 /* MeTableViewCell.xib */,
			);
			path = "我的";
			sourceTree = "<group>";
		};
		7B6DF4BA1DC996C5009B5840 /* 收藏 */ = {
			isa = PBXGroup;
			children = (
				7B6DF4BB1DC996C5009B5840 /* FavoriteSceneModel.h */,
				7B6DF4BC1DC996C5009B5840 /* FavoriteSceneModel.m */,
				7B6DF4BD1DC996C5009B5840 /* FavoriteTableViewCell.h */,
				7B6DF4BE1DC996C5009B5840 /* FavoriteTableViewCell.m */,
				7B6DF4BF1DC996C5009B5840 /* FavoriteTableViewCell.xib */,
				7B6DF4C01DC996C5009B5840 /* FavoriteViewController.h */,
				7B6DF4C11DC996C5009B5840 /* FavoriteViewController.m */,
				7B6DF4C21DC996C5009B5840 /* FavoriteViewController.xib */,
			);
			path = "收藏";
			sourceTree = "<group>";
		};
		7B8FB3341DF29091003EA465 /* HLTextView */ = {
			isa = PBXGroup;
			children = (
				7B8FB3351DF29091003EA465 /* HLTextView.h */,
				7B8FB3361DF29091003EA465 /* HLTextView.m */,
			);
			path = HLTextView;
			sourceTree = "<group>";
		};
		7BCA58931D5AC1C30064A20C = {
			isa = PBXGroup;
			children = (
				7BCA589E1D5AC1C30064A20C /* HealthyLifestyle */,
				7BCA589D1D5AC1C30064A20C /* Products */,
				B77BE05F5631C8129047452F /* Pods */,
				1F72241821D67E07A3517808 /* Frameworks */,
			);
			sourceTree = "<group>";
		};
		7BCA589D1D5AC1C30064A20C /* Products */ = {
			isa = PBXGroup;
			children = (
				7BCA589C1D5AC1C30064A20C /* HealthyLifestyle.app */,
			);
			name = Products;
			sourceTree = "<group>";
		};
		7BCA589E1D5AC1C30064A20C /* HealthyLifestyle */ = {
			isa = PBXGroup;
			children = (
				7BCA58A21D5AC1C30064A20C /* AppDelegate.h */,
				7BCA58A31D5AC1C30064A20C /* AppDelegate.m */,
				7BCA58C61D5ADA2E0064A20C /* Aspect-Window.m */,
				7BCA592E1D5B0D220064A20C /* Aspect-Appearance.m */,
				7B4E902D1DD47D9400CDCA67 /* Aspect-URL.m */,
				7B4D7E1A1DF005FE00FB022A /* Aspect-Data.m */,
				7BCA58AB1D5AC1C30064A20C /* Assets.xcassets */,
				7BCA58C21D5ADA1C0064A20C /* ViewControllers */,
				7B51D52B1DC86B20009D23A9 /* Views */,
				7BCA58D51D5AE25F0064A20C /* Model */,
				7BCA58DC1D5AE2670064A20C /* Data */,
				7BCA58B61D5AC20F0064A20C /* Supporting Files */,
			);
			path = HealthyLifestyle;
			sourceTree = "<group>";
		};
		7BCA58B61D5AC20F0064A20C /* Supporting Files */ = {
			isa = PBXGroup;
			children = (
				7B4DF42D1DD55C5C00D30544 /* URLManager.plist */,
				7BCA59191D5AE2FF0064A20C /* PrefixHeader.pch */,
				7BCA591E1D5AFA5E0064A20C /* Localizable.strings */,
				7BCA58B71D5AC20F0064A20C /* Info.plist */,
				7BCA58B81D5AC20F0064A20C /* main.m */,
			);
			path = "Supporting Files";
			sourceTree = "<group>";
		};
		7BCA58C21D5ADA1C0064A20C /* ViewControllers */ = {
			isa = PBXGroup;
			children = (
				7BCA58CE1D5AE1E30064A20C /* Base */,
				7BCA58C81D5ADAA40064A20C /* 标签栏 */,
				7BCA59271D5B02DC0064A20C /* 导航栏 */,
				7BCA58E61D5AE27A0064A20C /* 穴位 */,
				7B6DF4B01DC996C5009B5840 /* 我的 */,
			);
			path = ViewControllers;
			sourceTree = "<group>";
		};
		7BCA58C81D5ADAA40064A20C /* 标签栏 */ = {
			isa = PBXGroup;
			children = (
				7BCA58C91D5ADAC00064A20C /* TabBarController.h */,
				7BCA58CA1D5ADAC00064A20C /* TabBarController.m */,
			);
			path = "标签栏";
			sourceTree = "<group>";
		};
		7BCA58CE1D5AE1E30064A20C /* Base */ = {
			isa = PBXGroup;
			children = (
				7B3C1A941D5EB26F008E784B /* HLTableViewCell.h */,
				7B3C1A951D5EB26F008E784B /* HLTableViewCell.m */,
				7BCA58D11D5AE1E30064A20C /* HLViewController.h */,
				7BCA58D21D5AE1E30064A20C /* HLViewController.m */,
				7B58C3081DC733D90061E46D /* HLNavigationController.h */,
				7B58C3091DC733D90061E46D /* HLNavigationController.m */,
				7BCA59241D5B019B0064A20C /* HLSceneModel.h */,
				7BCA59251D5B019B0064A20C /* HLSceneModel.m */,
			);
			path = Base;
			sourceTree = "<group>";
		};
		7BCA58D51D5AE25F0064A20C /* Model */ = {
			isa = PBXGroup;
			children = (
				7B6DF4971DC9826E009B5840 /* ControllerModel.h */,
				7B6DF4981DC9826E009B5840 /* ControllerModel.m */,
				7BCA58D61D5AE25F0064A20C /* FunctionModel.h */,
				7BCA58D71D5AE25F0064A20C /* FunctionModel.m */,
				7BCA58D81D5AE25F0064A20C /* MeridianModel.h */,
				7BCA58D91D5AE25F0064A20C /* MeridianModel.m */,
				7B4E902A1DD4176800CDCA67 /* PositionModel.h */,
				7B4E902B1DD4176800CDCA67 /* PositionModel.m */,
				7B2C4F2F1D92761F001F0D30 /* AcupointModel.h */,
				7B2C4F301D92761F001F0D30 /* AcupointModel.m */,
			);
			path = Model;
			sourceTree = "<group>";
		};
		7BCA58DC1D5AE2670064A20C /* Data */ = {
			isa = PBXGroup;
			children = (
				7B4D7E1C1DF0097800FB022A /* Acupoint.data */,
				7BCA58DE1D5AE2670064A20C /* AppData.h */,
				7BCA58DF1D5AE2670064A20C /* AppData.m */,
			);
			path = Data;
			sourceTree = "<group>";
		};
		7BCA58E61D5AE27A0064A20C /* 穴位 */ = {
			isa = PBXGroup;
			children = (
				7BCA58E71D5AE27A0064A20C /* 分类列表 */,
				7BCA58FC1D5AE27B0064A20C /* 经脉列表 */,
				7B4E901C1DD4165000CDCA67 /* 位置列表 */,
				7B58C30B1DC74CC20061E46D /* 功能列表 */,
				7BCA58F51D5AE27B0064A20C /* 穴位列表 */,
				7B2C4F341D9293FE001F0D30 /* 穴位详情 */,
				7B51D5571DC89C75009D23A9 /* 搜索 */,
			);
			path = "穴位";
			sourceTree = "<group>";
		};
		7BCA58E71D5AE27A0064A20C /* 分类列表 */ = {
			isa = PBXGroup;
			children = (
				7BCA59211D5B01590064A20C /* AcupointCategoryListSceneModel.h */,
				7BCA59221D5B01590064A20C /* AcupointCategoryListSceneModel.m */,
				7BCA58E81D5AE27A0064A20C /* AcupointCategoryListScene.h */,
				7BCA58E91D5AE27A0064A20C /* AcupointCategoryListScene.m */,
				7BCA58EA1D5AE27A0064A20C /* AcupointCategoryListScene.xib */,
				7BCA58EB1D5AE27A0064A20C /* AcupointCategoryTableViewCell.h */,
				7BCA58EC1D5AE27A0064A20C /* AcupointCategoryTableViewCell.m */,
				7BCA58ED1D5AE27A0064A20C /* AcupointCategoryTableViewCell.xib */,
			);
			path = "分类列表";
			sourceTree = "<group>";
		};
		7BCA58F51D5AE27B0064A20C /* 穴位列表 */ = {
			isa = PBXGroup;
			children = (
				7B58C3051DC725CB0061E46D /* AcupointListSceneModel.h */,
				7B58C3061DC725CB0061E46D /* AcupointListSceneModel.m */,
				7BCA58F61D5AE27B0064A20C /* AcupointListScene.h */,
				7BCA58F71D5AE27B0064A20C /* AcupointListScene.m */,
				7BCA58F81D5AE27B0064A20C /* AcupointListScene.xib */,
				7BCA58F91D5AE27B0064A20C /* AcupointTableViewCell.h */,
				7BCA58FA1D5AE27B0064A20C /* AcupointTableViewCell.m */,
				7BCA58FB1D5AE27B0064A20C /* AcupointTableViewCell.xib */,
			);
			path = "穴位列表";
			sourceTree = "<group>";
		};
		7BCA58FC1D5AE27B0064A20C /* 经脉列表 */ = {
			isa = PBXGroup;
			children = (
				7B58C2FF1DC71FCC0061E46D /* MeridianListSceneModel.h */,
				7B58C3001DC71FCC0061E46D /* MeridianListSceneModel.m */,
				7BCA58FD1D5AE27B0064A20C /* MeridianListScene.h */,
				7BCA58FE1D5AE27B0064A20C /* MeridianListScene.m */,
				7BCA58FF1D5AE27B0064A20C /* MeridianListScene.xib */,
				7BCA59001D5AE27B0064A20C /* MeridianTableViewCell.h */,
				7BCA59011D5AE27B0064A20C /* MeridianTableViewCell.m */,
				7BCA59021D5AE27B0064A20C /* MeridianTableViewCell.xib */,
			);
			path = "经脉列表";
			sourceTree = "<group>";
		};
		7BCA59271D5B02DC0064A20C /* 导航栏 */ = {
			isa = PBXGroup;
			children = (
				7BCA59281D5B02DC0064A20C /* NavigationController.h */,
				7BCA59291D5B02DC0064A20C /* NavigationController.m */,
			);
			path = "导航栏";
			sourceTree = "<group>";
		};
		7BD144611DD5BC7B00545872 /* NSString+HL */ = {
			isa = PBXGroup;
			children = (
				7BD144621DD5BD0F00545872 /* NSString+HL.h */,
				7BD144631DD5BD0F00545872 /* NSString+HL.m */,
			);
			path = "NSString+HL";
			sourceTree = "<group>";
		};
		7BDF50FE1DEED053004B8848 /* NSData+Encrypt */ = {
			isa = PBXGroup;
			children = (
				7BDF50FF1DEED053004B8848 /* NSData+Encrypt.h */,
				7BDF51001DEED053004B8848 /* NSData+Encrypt.m */,
			);
			path = "NSData+Encrypt";
			sourceTree = "<group>";
		};
		7BDF51011DEED053004B8848 /* NSString+Encrypt */ = {
			isa = PBXGroup;
			children = (
				7BDF51021DEED053004B8848 /* NSString+Encrypt.h */,
				7BDF51031DEED053004B8848 /* NSString+Encrypt.m */,
			);
			path = "NSString+Encrypt";
			sourceTree = "<group>";
		};
		B77BE05F5631C8129047452F /* Pods */ = {
			isa = PBXGroup;
			children = (
				F301703D858F82859DDED8E5 /* Pods-HealthyLifestyle.debug.xcconfig */,
				6283F4761CAB592CFAE710D6 /* Pods-HealthyLifestyle.release.xcconfig */,
			);
			name = Pods;
			sourceTree = "<group>";
		};
/* End PBXGroup section */

/* Begin PBXNativeTarget section */
		7BCA589B1D5AC1C30064A20C /* HealthyLifestyle */ = {
			isa = PBXNativeTarget;
			buildConfigurationList = 7BCA58B31D5AC1C30064A20C /* Build configuration list for PBXNativeTarget "HealthyLifestyle" */;
			buildPhases = (
				9F7DEC2B8F53356313C3BFEB /* [CP] Check Pods Manifest.lock */,
				7BCA58981D5AC1C30064A20C /* Sources */,
				7BCA58991D5AC1C30064A20C /* Frameworks */,
				7BCA589A1D5AC1C30064A20C /* Resources */,
				9BB58C9C573CDDBF64FE1CF5 /* [CP] Embed Pods Frameworks */,
				0F45CE4FF17A19D1739B9AAE /* [CP] Copy Pods Resources */,
			);
			buildRules = (
			);
			dependencies = (
			);
			name = HealthyLifestyle;
			productName = HealthyLifestyle;
			productReference = 7BCA589C1D5AC1C30064A20C /* HealthyLifestyle.app */;
			productType = "com.apple.product-type.application";
		};
/* End PBXNativeTarget section */

/* Begin PBXProject section */
		7BCA58941D5AC1C30064A20C /* Project object */ = {
			isa = PBXProject;
			attributes = {
				LastUpgradeCheck = 0800;
				ORGANIZATIONNAME = HealthyLifestyle;
				TargetAttributes = {
					7BCA589B1D5AC1C30064A20C = {
						CreatedOnToolsVersion = 7.3;
						DevelopmentTeam = F2HNAW2WFA;
					};
				};
			};
			buildConfigurationList = 7BCA58971D5AC1C30064A20C /* Build configuration list for PBXProject "HealthyLifestyle" */;
			compatibilityVersion = "Xcode 3.2";
			developmentRegion = English;
			hasScannedForEncodings = 0;
			knownRegions = (
				en,
				"zh-Hans",
			);
			mainGroup = 7BCA58931D5AC1C30064A20C;
			productRefGroup = 7BCA589D1D5AC1C30064A20C /* Products */;
			projectDirPath = "";
			projectRoot = "";
			targets = (
				7BCA589B1D5AC1C30064A20C /* HealthyLifestyle */,
			);
		};
/* End PBXProject section */

/* Begin PBXResourcesBuildPhase section */
		7BCA589A1D5AC1C30064A20C /* Resources */ = {
			isa = PBXResourcesBuildPhase;
			buildActionMask = 2147483647;
			files = (
				7BCA59131D5AE27B0064A20C /* AcupointTableViewCell.xib in Resources */,
				7BCA59091D5AE27B0064A20C /* AcupointCategoryListScene.xib in Resources */,
				7BCA59111D5AE27B0064A20C /* AcupointListScene.xib in Resources */,
				7B51D5531DC889D9009D23A9 /* HLNavigationSelectViewCell.xib in Resources */,
				7B4DF42E1DD55C5C00D30544 /* URLManager.plist in Resources */,
				7BCA590B1D5AE27B0064A20C /* AcupointCategoryTableViewCell.xib in Resources */,
				7B2C4F391D92941A001F0D30 /* AcupointViewController.xib in Resources */,
				7B6DF4C41DC996C5009B5840 /* MeScene.xib in Resources */,
				7B4D7E1D1DF0097800FB022A /* Acupoint.data in Resources */,
				7B6DF4D41DC9C26E009B5840 /* SearchTableViewCell.xib in Resources */,
				7B6DF4CC1DC996C5009B5840 /* FavoriteViewController.xib in Resources */,
				7B51D55C1DC89C87009D23A9 /* SearchViewController.xib in Resources */,
				7B6DF4C71DC996C5009B5840 /* MeTableViewCell.xib in Resources */,
				7BCA59151D5AE27B0064A20C /* MeridianListScene.xib in Resources */,
				7B4E90291DD4165000CDCA67 /* PositionTableViewCell.xib in Resources */,
				7BCA59171D5AE27B0064A20C /* MeridianTableViewCell.xib in Resources */,
				7B6DF4CA1DC996C5009B5840 /* FavoriteTableViewCell.xib in Resources */,
				7BCA591C1D5AFA5E0064A20C /* Localizable.strings in Resources */,
				7B58C3151DC74CC20061E46D /* FunctionListScene.xib in Resources */,
				7B58C3181DC74CC20061E46D /* FunctionTableViewCell.xib in Resources */,
				7BCA58AC1D5AC1C30064A20C /* Assets.xcassets in Resources */,
				7B4E90271DD4165000CDCA67 /* PositionListViewController.xib in Resources */,
			);
			runOnlyForDeploymentPostprocessing = 0;
		};
/* End PBXResourcesBuildPhase section */

/* Begin PBXShellScriptBuildPhase section */
		0F45CE4FF17A19D1739B9AAE /* [CP] Copy Pods Resources */ = {
			isa = PBXShellScriptBuildPhase;
			buildActionMask = 2147483647;
			files = (
			);
			inputPaths = (
			);
			name = "[CP] Copy Pods Resources";
			outputPaths = (
			);
			runOnlyForDeploymentPostprocessing = 0;
			shellPath = /bin/sh;
			shellScript = "\"${SRCROOT}/Pods/Target Support Files/Pods-HealthyLifestyle/Pods-HealthyLifestyle-resources.sh\"\n";
			showEnvVarsInLog = 0;
		};
		9BB58C9C573CDDBF64FE1CF5 /* [CP] Embed Pods Frameworks */ = {
			isa = PBXShellScriptBuildPhase;
			buildActionMask = 2147483647;
			files = (
			);
			inputPaths = (
			);
			name = "[CP] Embed Pods Frameworks";
			outputPaths = (
			);
			runOnlyForDeploymentPostprocessing = 0;
			shellPath = /bin/sh;
			shellScript = "\"${SRCROOT}/Pods/Target Support Files/Pods-HealthyLifestyle/Pods-HealthyLifestyle-frameworks.sh\"\n";
			showEnvVarsInLog = 0;
		};
		9F7DEC2B8F53356313C3BFEB /* [CP] Check Pods Manifest.lock */ = {
			isa = PBXShellScriptBuildPhase;
			buildActionMask = 2147483647;
			files = (
			);
			inputPaths = (
			);
			name = "[CP] Check Pods Manifest.lock";
			outputPaths = (
			);
			runOnlyForDeploymentPostprocessing = 0;
			shellPath = /bin/sh;
			shellScript = "diff \"${PODS_ROOT}/../Podfile.lock\" \"${PODS_ROOT}/Manifest.lock\" > /dev/null\nif [ $? != 0 ] ; then\n    # print error to STDERR\n    echo \"error: The sandbox is not in sync with the Podfile.lock. Run 'pod install' or update your CocoaPods installation.\" >&2\n    exit 1\nfi\n";
			showEnvVarsInLog = 0;
		};
/* End PBXShellScriptBuildPhase section */

/* Begin PBXSourcesBuildPhase section */
		7BCA58981D5AC1C30064A20C /* Sources */ = {
			isa = PBXSourcesBuildPhase;
			buildActionMask = 2147483647;
			files = (
				7B6DF4CB1DC996C5009B5840 /* FavoriteViewController.m in Sources */,
				7BCA58C71D5ADA2E0064A20C /* Aspect-Window.m in Sources */,
				7B51D5311DC86B20009D23A9 /* XYListView.m in Sources */,
				7B51D5521DC889D9009D23A9 /* HLNavigationSelectViewCell.m in Sources */,
				7BD144641DD5BD0F00545872 /* NSString+HL.m in Sources */,
				7B51D5511DC889D9009D23A9 /* HLNavigationSelectView.m in Sources */,
				7B4E90281DD4165000CDCA67 /* PositionTableViewCell.m in Sources */,
				7B6DF4D31DC9C26E009B5840 /* SearchTableViewCell.m in Sources */,
				7BCA592F1D5B0D220064A20C /* Aspect-Appearance.m in Sources */,
				7B4E90261DD4165000CDCA67 /* PositionListViewController.m in Sources */,
				7B3C1A961D5EB26F008E784B /* HLTableViewCell.m in Sources */,
				7B4D7E1B1DF005FE00FB022A /* Aspect-Data.m in Sources */,
				7B8FB3371DF29091003EA465 /* HLTextView.m in Sources */,
				7B6DF4991DC9826E009B5840 /* ControllerModel.m in Sources */,
				7BCA58A41D5AC1C30064A20C /* AppDelegate.m in Sources */,
				7B6DF4CF1DC9BE2F009B5840 /* SearchSceneModel.m in Sources */,
				7B58C3161DC74CC20061E46D /* FunctionListSceneModel.m in Sources */,
				7BCA58BA1D5AC20F0064A20C /* main.m in Sources */,
				7B58C3011DC71FCC0061E46D /* MeridianListSceneModel.m in Sources */,
				7BCA58E11D5AE2670064A20C /* AppData.m in Sources */,
				7BCA58D41D5AE1E30064A20C /* HLViewController.m in Sources */,
				7B58C3071DC725CB0061E46D /* AcupointListSceneModel.m in Sources */,
				7B6DF4C81DC996C5009B5840 /* FavoriteSceneModel.m in Sources */,
				7B58C3141DC74CC20061E46D /* FunctionListScene.m in Sources */,
				7BCA59161D5AE27B0064A20C /* MeridianTableViewCell.m in Sources */,
				7B51D5501DC889D9009D23A9 /* HLNavigationSelectAction.m in Sources */,
				7BCA58CC1D5ADAC00064A20C /* TabBarController.m in Sources */,
				7BCA59141D5AE27B0064A20C /* MeridianListScene.m in Sources */,
				7BCA590A1D5AE27B0064A20C /* AcupointCategoryTableViewCell.m in Sources */,
				7BCA59121D5AE27B0064A20C /* AcupointTableViewCell.m in Sources */,
				7BCA59231D5B01590064A20C /* AcupointCategoryListSceneModel.m in Sources */,
				7B6DF4C51DC996C5009B5840 /* MeSceneModel.m in Sources */,
				7BDF51041DEED053004B8848 /* NSData+Encrypt.m in Sources */,
				7B51D55B1DC89C87009D23A9 /* SearchViewController.m in Sources */,
				7B58C3171DC74CC20061E46D /* FunctionTableViewCell.m in Sources */,
				7B2C4F381D92941A001F0D30 /* AcupointViewController.m in Sources */,
				7B4E902C1DD4176800CDCA67 /* PositionModel.m in Sources */,
				7B51D5601DC89E21009D23A9 /* XYEnum.m in Sources */,
				7B6DF4C31DC996C5009B5840 /* MeScene.m in Sources */,
				7BCA58DB1D5AE25F0064A20C /* MeridianModel.m in Sources */,
				7B6DF4C61DC996C5009B5840 /* MeTableViewCell.m in Sources */,
				7B4E90251DD4165000CDCA67 /* PositionListSceneModel.m in Sources */,
				7B4E902E1DD47D9400CDCA67 /* Aspect-URL.m in Sources */,
				7B51D5321DC86B20009D23A9 /* XYListViewCell.m in Sources */,
				7B58C30A1DC733D90061E46D /* HLNavigationController.m in Sources */,
				7BCA59261D5B019B0064A20C /* HLSceneModel.m in Sources */,
				7B51D5561DC889EA009D23A9 /* HLNavigationView.m in Sources */,
				7B6DF4C91DC996C5009B5840 /* FavoriteTableViewCell.m in Sources */,
				7BDF51051DEED053004B8848 /* NSString+Encrypt.m in Sources */,
				7BCA58DA1D5AE25F0064A20C /* FunctionModel.m in Sources */,
				7BCA59101D5AE27B0064A20C /* AcupointListScene.m in Sources */,
				7BCA59081D5AE27B0064A20C /* AcupointCategoryListScene.m in Sources */,
				7BCA592A1D5B02DC0064A20C /* NavigationController.m in Sources */,
				7B2C4F311D92761F001F0D30 /* AcupointModel.m in Sources */,
				7B4DF4321DD5653800D30544 /* HLURLManager.m in Sources */,
			);
			runOnlyForDeploymentPostprocessing = 0;
		};
/* End PBXSourcesBuildPhase section */

/* Begin PBXVariantGroup section */
		7BCA591E1D5AFA5E0064A20C /* Localizable.strings */ = {
			isa = PBXVariantGroup;
			children = (
				7BCA591F1D5AFA600064A20C /* en */,
				7BCA59201D5AFAA90064A20C /* zh-Hans */,
			);
			name = Localizable.strings;
			sourceTree = "<group>";
		};
/* End PBXVariantGroup section */

/* Begin XCBuildConfiguration section */
		7BCA58B11D5AC1C30064A20C /* Debug */ = {
			isa = XCBuildConfiguration;
			buildSettings = {
				ALWAYS_SEARCH_USER_PATHS = NO;
				CLANG_ANALYZER_LOCALIZABILITY_NONLOCALIZED = YES;
				CLANG_ANALYZER_NONNULL = YES;
				CLANG_CXX_LANGUAGE_STANDARD = "gnu++0x";
				CLANG_CXX_LIBRARY = "libc++";
				CLANG_ENABLE_MODULES = YES;
				CLANG_ENABLE_OBJC_ARC = YES;
				CLANG_WARN_BOOL_CONVERSION = YES;
				CLANG_WARN_CONSTANT_CONVERSION = YES;
				CLANG_WARN_DIRECT_OBJC_ISA_USAGE = YES_ERROR;
				CLANG_WARN_EMPTY_BODY = YES;
				CLANG_WARN_ENUM_CONVERSION = YES;
				CLANG_WARN_INFINITE_RECURSION = YES;
				CLANG_WARN_INT_CONVERSION = YES;
				CLANG_WARN_OBJC_ROOT_CLASS = YES_ERROR;
				CLANG_WARN_SUSPICIOUS_MOVE = YES;
				CLANG_WARN_UNREACHABLE_CODE = YES;
				CLANG_WARN__DUPLICATE_METHOD_MATCH = YES;
				"CODE_SIGN_IDENTITY[sdk=iphoneos*]" = "iPhone Developer";
				COPY_PHASE_STRIP = NO;
				DEBUG_INFORMATION_FORMAT = dwarf;
				ENABLE_STRICT_OBJC_MSGSEND = YES;
				ENABLE_TESTABILITY = YES;
				GCC_C_LANGUAGE_STANDARD = gnu99;
				GCC_DYNAMIC_NO_PIC = NO;
				GCC_NO_COMMON_BLOCKS = YES;
				GCC_OPTIMIZATION_LEVEL = 0;
				GCC_PREPROCESSOR_DEFINITIONS = (
					"DEBUG=1",
					"$(inherited)",
				);
				GCC_WARN_64_TO_32_BIT_CONVERSION = YES;
				GCC_WARN_ABOUT_RETURN_TYPE = YES_ERROR;
				GCC_WARN_UNDECLARED_SELECTOR = YES;
				GCC_WARN_UNINITIALIZED_AUTOS = YES_AGGRESSIVE;
				GCC_WARN_UNUSED_FUNCTION = YES;
				GCC_WARN_UNUSED_VARIABLE = YES;
				IPHONEOS_DEPLOYMENT_TARGET = 10.1;
				MTL_ENABLE_DEBUG_INFO = YES;
				ONLY_ACTIVE_ARCH = YES;
				SDKROOT = iphoneos;
			};
			name = Debug;
		};
		7BCA58B21D5AC1C30064A20C /* Release */ = {
			isa = XCBuildConfiguration;
			buildSettings = {
				ALWAYS_SEARCH_USER_PATHS = NO;
				CLANG_ANALYZER_LOCALIZABILITY_NONLOCALIZED = YES;
				CLANG_ANALYZER_NONNULL = YES;
				CLANG_CXX_LANGUAGE_STANDARD = "gnu++0x";
				CLANG_CXX_LIBRARY = "libc++";
				CLANG_ENABLE_MODULES = YES;
				CLANG_ENABLE_OBJC_ARC = YES;
				CLANG_WARN_BOOL_CONVERSION = YES;
				CLANG_WARN_CONSTANT_CONVERSION = YES;
				CLANG_WARN_DIRECT_OBJC_ISA_USAGE = YES_ERROR;
				CLANG_WARN_EMPTY_BODY = YES;
				CLANG_WARN_ENUM_CONVERSION = YES;
				CLANG_WARN_INFINITE_RECURSION = YES;
				CLANG_WARN_INT_CONVERSION = YES;
				CLANG_WARN_OBJC_ROOT_CLASS = YES_ERROR;
				CLANG_WARN_SUSPICIOUS_MOVE = YES;
				CLANG_WARN_UNREACHABLE_CODE = YES;
				CLANG_WARN__DUPLICATE_METHOD_MATCH = YES;
				"CODE_SIGN_IDENTITY[sdk=iphoneos*]" = "iPhone Developer";
				COPY_PHASE_STRIP = NO;
				DEBUG_INFORMATION_FORMAT = "dwarf-with-dsym";
				ENABLE_NS_ASSERTIONS = NO;
				ENABLE_STRICT_OBJC_MSGSEND = YES;
				GCC_C_LANGUAGE_STANDARD = gnu99;
				GCC_NO_COMMON_BLOCKS = YES;
				GCC_WARN_64_TO_32_BIT_CONVERSION = YES;
				GCC_WARN_ABOUT_RETURN_TYPE = YES_ERROR;
				GCC_WARN_UNDECLARED_SELECTOR = YES;
				GCC_WARN_UNINITIALIZED_AUTOS = YES_AGGRESSIVE;
				GCC_WARN_UNUSED_FUNCTION = YES;
				GCC_WARN_UNUSED_VARIABLE = YES;
				IPHONEOS_DEPLOYMENT_TARGET = 10.1;
				MTL_ENABLE_DEBUG_INFO = NO;
				SDKROOT = iphoneos;
				VALIDATE_PRODUCT = YES;
			};
			name = Release;
		};
		7BCA58B41D5AC1C30064A20C /* Debug */ = {
			isa = XCBuildConfiguration;
			baseConfigurationReference = F301703D858F82859DDED8E5 /* Pods-HealthyLifestyle.debug.xcconfig */;
			buildSettings = {
				ASSETCATALOG_COMPILER_APPICON_NAME = AppIcon;
				ASSETCATALOG_COMPILER_LAUNCHIMAGE_NAME = LaunchImage;
				CLANG_CXX_LIBRARY = "compiler-default";
				CODE_SIGN_IDENTITY = "iPhone Developer";
				DEVELOPMENT_TEAM = F2HNAW2WFA;
				GCC_PREFIX_HEADER = "$(SRCROOT)/HealthyLifestyle/Supporting Files/PrefixHeader.pch";
				INFOPLIST_FILE = "$(SRCROOT)/HealthyLifestyle/Supporting Files/Info.plist";
				IPHONEOS_DEPLOYMENT_TARGET = 8.0;
				LD_RUNPATH_SEARCH_PATHS = "$(inherited) @executable_path/Frameworks";
				PRODUCT_BUNDLE_IDENTIFIER = com.HealthyLifestyle.HealthyLifestyle;
				PRODUCT_NAME = "$(TARGET_NAME)";
			};
			name = Debug;
		};
		7BCA58B51D5AC1C30064A20C /* Release */ = {
			isa = XCBuildConfiguration;
			baseConfigurationReference = 6283F4761CAB592CFAE710D6 /* Pods-HealthyLifestyle.release.xcconfig */;
			buildSettings = {
				ASSETCATALOG_COMPILER_APPICON_NAME = AppIcon;
				ASSETCATALOG_COMPILER_LAUNCHIMAGE_NAME = LaunchImage;
				CLANG_CXX_LIBRARY = "compiler-default";
				CODE_SIGN_IDENTITY = "iPhone Developer";
				DEVELOPMENT_TEAM = F2HNAW2WFA;
				GCC_PREFIX_HEADER = "$(SRCROOT)/HealthyLifestyle/Supporting Files/PrefixHeader.pch";
				INFOPLIST_FILE = "$(SRCROOT)/HealthyLifestyle/Supporting Files/Info.plist";
				IPHONEOS_DEPLOYMENT_TARGET = 8.0;
				LD_RUNPATH_SEARCH_PATHS = "$(inherited) @executable_path/Frameworks";
				PRODUCT_BUNDLE_IDENTIFIER = com.HealthyLifestyle.HealthyLifestyle;
				PRODUCT_NAME = "$(TARGET_NAME)";
			};
			name = Release;
		};
/* End XCBuildConfiguration section */

/* Begin XCConfigurationList section */
		7BCA58971D5AC1C30064A20C /* Build configuration list for PBXProject "HealthyLifestyle" */ = {
			isa = XCConfigurationList;
			buildConfigurations = (
				7BCA58B11D5AC1C30064A20C /* Debug */,
				7BCA58B21D5AC1C30064A20C /* Release */,
			);
			defaultConfigurationIsVisible = 0;
			defaultConfigurationName = Release;
		};
		7BCA58B31D5AC1C30064A20C /* Build configuration list for PBXNativeTarget "HealthyLifestyle" */ = {
			isa = XCConfigurationList;
			buildConfigurations = (
				7BCA58B41D5AC1C30064A20C /* Debug */,
				7BCA58B51D5AC1C30064A20C /* Release */,
			);
			defaultConfigurationIsVisible = 0;
			defaultConfigurationName = Release;
		};
/* End XCConfigurationList section */
	};
	rootObject = 7BCA58941D5AC1C30064A20C /* Project object */;
}
